
Microsoft Visual Studio Solution File, Format Version 12.00
# Visual Studio 14
VisualStudioVersion = 14.0.24720.0
MinimumVisualStudioVersion = 10.0.40219.1
Project("{FAE04EC0-301F-11D3-BF4B-00C04F79EFBC}") = "E247.Fun", "E247.Fun\E247.Fun.csproj", "{4B47B423-6CFF-4D25-8797-BB6B7F354F0B}"
EndProject
Project("{FAE04EC0-301F-11D3-BF4B-00C04F79EFBC}") = "E247.Fun.UnitTest", "E247.Fun.UnitTest\E247.Fun.UnitTest.csproj", "{DBA4E537-D73D-4F39-BD99-D283CF1135DE}"
EndProject
Project("{2150E333-8FDC-42A3-9474-1A3956D46DE8}") = ".build", ".build", "{BDFA6391-86C6-4087-BB3B-A28C80BE4BDF}"
	ProjectSection(SolutionItems) = preProject
		.gitignore = .gitignore
		Build.recipe = Build.recipe
		readme.md = readme.md
	EndProjectSection
EndProject
Global
	GlobalSection(SolutionConfigurationPlatforms) = preSolution
		Debug|Any CPU = Debug|Any CPU
		Release|Any CPU = Release|Any CPU
	EndGlobalSection
	GlobalSection(ProjectConfigurationPlatforms) = postSolution
		{4B47B423-6CFF-4D25-8797-BB6B7F354F0B}.Debug|Any CPU.ActiveCfg = Debug|Any CPU
		{4B47B423-6CFF-4D25-8797-BB6B7F354F0B}.Debug|Any CPU.Build.0 = Debug|Any CPU
		{4B47B423-6CFF-4D25-8797-BB6B7F354F0B}.Release|Any CPU.ActiveCfg = Release|Any CPU
		{4B47B423-6CFF-4D25-8797-BB6B7F354F0B}.Release|Any CPU.Build.0 = Release|Any CPU
		{DBA4E537-D73D-4F39-BD99-D283CF1135DE}.Debug|Any CPU.ActiveCfg = Debug|Any CPU
		{DBA4E537-D73D-4F39-BD99-D283CF1135DE}.Debug|Any CPU.Build.0 = Debug|Any CPU
		{DBA4E537-D73D-4F39-BD99-D283CF1135DE}.Release|Any CPU.ActiveCfg = Release|Any CPU
		{DBA4E537-D73D-4F39-BD99-D283CF1135DE}.Release|Any CPU.Build.0 = Release|Any CPU
	EndGlobalSection
	GlobalSection(SolutionProperties) = preSolution
		HideSolutionNode = FALSE
	EndGlobalSection
EndGlobal
